
Microsoft Visual Studio Solution File, Format Version 12.00
# Visual Studio Version 16
VisualStudioVersion = 16.0.32802.440
MinimumVisualStudioVersion = 10.0.40219.1
Project("{9A19103F-16F7-4668-BE54-9A1E7A4F7556}") = "ConsoleApp1", "ConsoleApp1\ConsoleApp1.csproj", "{B49F1228-4CB9-4C6D-BA1A-4FBC0D2A9D04}"
EndProject
Project("{FAE04EC0-301F-11D3-BF4B-00C04F79EFBC}") = "WindowsFormsApp1", "WindowsFormsApp1\WindowsFormsApp1.csproj", "{7D5ABB99-FBE6-42B8-BC33-2CFCE6F5A5A9}"
EndProject
Global
	GlobalSection(SolutionConfigurationPlatforms) = preSolution
		Debug|Any CPU = Debug|Any CPU
		Release|Any CPU = Release|Any CPU
	EndGlobalSection
	GlobalSection(ProjectConfigurationPlatforms) = postSolution
		{B49F1228-4CB9-4C6D-BA1A-4FBC0D2A9D04}.Debug|Any CPU.ActiveCfg = Debug|Any CPU
		{B49F1228-4CB9-4C6D-BA1A-4FBC0D2A9D04}.Debug|Any CPU.Build.0 = Debug|Any CPU
		{B49F1228-4CB9-4C6D-BA1A-4FBC0D2A9D04}.Release|Any CPU.ActiveCfg = Release|Any CPU
		{B49F1228-4CB9-4C6D-BA1A-4FBC0D2A9D04}.Release|Any CPU.Build.0 = Release|Any CPU
		{7D5ABB99-FBE6-42B8-BC33-2CFCE6F5A5A9}.Debug|Any CPU.ActiveCfg = Debug|Any CPU
		{7D5ABB99-FBE6-42B8-BC33-2CFCE6F5A5A9}.Debug|Any CPU.Build.0 = Debug|Any CPU
		{7D5ABB99-FBE6-42B8-BC33-2CFCE6F5A5A9}.Release|Any CPU.ActiveCfg = Release|Any CPU
		{7D5ABB99-FBE6-42B8-BC33-2CFCE6F5A5A9}.Release|Any CPU.Build.0 = Release|Any CPU
	EndGlobalSection
	GlobalSection(SolutionProperties) = preSolution
		HideSolutionNode = FALSE
	EndGlobalSection
	GlobalSection(ExtensibilityGlobals) = postSolution
		SolutionGuid = {C0D5E830-C1F3-4D9F-8356-52DDB6F2D22F}
	EndGlobalSection
EndGlobal
